{
  "name": "@supersuit/hyperspec",
  "version": "0.9.1",
  "lockfileVersion": 3,
  "requires": true,
  "packages": {
    "": {
      "name": "@supersuit/hyperspec",
      "version": "0.9.1",
      "license": "MIT",
      "dependencies": {
        "@supersuit/superskill": "^0.2.2"
      },
      "bin": {
        "hyperspec": "bin/hyperspec.mjs"
      },
      "engines": {
        "node": ">=20"
      }
    },
    "node_modules/@supersuit/superskill": {
      "version": "0.2.2",
      "resolved": "https://registry.npmjs.org/@supersuit/superskill/-/superskill-0.2.2.tgz",
      "integrity": "sha512-uxSCMrqV/Z1BfmQTsvv0ZAd8spDFkOtoPHeE6wAN1fMwaAPvlDIFuhxrhXjM4Tes5hcd6xugXPBWlhrobjlURw==",
      "license": "MIT",
      "bin": {
        "superskill": "bin/superskill.mjs"
      },
      "engines": {
        "node": ">=20"
      }
    }
  }
}
