{
  "name": "@supersuit/hyperspec",
  "version": "0.1.0",
  "lockfileVersion": 3,
  "requires": true,
  "packages": {
    "": {
      "name": "@supersuit/hyperspec",
      "version": "0.1.0",
      "license": "MIT",
      "dependencies": {
        "@supersuit/superskill": "^0.2.1"
      },
      "bin": {
        "hyperspec": "bin/hyperspec.mjs"
      },
      "engines": {
        "node": ">=20"
      }
    },
    "node_modules/@supersuit/superskill": {
      "version": "0.2.1",
      "resolved": "https://registry.npmjs.org/@supersuit/superskill/-/superskill-0.2.1.tgz",
      "integrity": "sha512-DqRijyXd+CCx17n5Y7HKa7Ov3/CCBoNPlZ/c5O+nptQoel8WS5fO41FKScv+T2Wn1YsHdJdJYU1SwclSWlENZw==",
      "license": "MIT",
      "bin": {
        "superskill": "bin/superskill.mjs"
      },
      "engines": {
        "node": ">=20"
      }
    }
  }
}
