{
  "name": "@supersuit/hyperspec",
  "version": "0.1.0",
  "lockfileVersion": 3,
  "requires": true,
  "packages": {
    "": {
      "name": "@supersuit/hyperspec",
      "version": "0.1.0",
      "license": "MIT",
      "dependencies": {
        "@supersuit/superskill": "^0.2.0"
      },
      "bin": {
        "hyperspec": "bin/hyperspec.mjs"
      },
      "engines": {
        "node": ">=20"
      }
    },
    "node_modules/@supersuit/superskill": {
      "version": "0.2.0",
      "resolved": "https://registry.npmjs.org/@supersuit/superskill/-/superskill-0.2.0.tgz",
      "integrity": "sha512-vIh2LLWT84QNMEYTDieXRaP4GOWD/XLsKnvGMm+DTvTjy8b+RM4ZTcH0hIEW6oeCBUkpeKdrSC0nKzD+zG1UpQ==",
      "license": "MIT",
      "bin": {
        "superskill": "bin/superskill.mjs"
      },
      "engines": {
        "node": ">=20"
      }
    }
  }
}
